
Microsoft Visual Studio Solution File, Format Version 12.00
# Visual Studio Version 16
VisualStudioVersion = 16.0.36128.20
MinimumVisualStudioVersion = 10.0.40219.1
Project("{FAE04EC0-301F-11D3-BF4B-00C04F79EFBC}") = "ShippingMark", "ShippingMark.csproj", "{1EEA004A-3ABA-4993-933F-D62B781DDE47}"
EndProject
Global
	GlobalSection(SolutionConfigurationPlatforms) = preSolution
		Debug|Any CPU = Debug|Any CPU
		Release|Any CPU = Release|Any CPU
	EndGlobalSection
	GlobalSection(ProjectConfigurationPlatforms) = postSolution
		{1EEA004A-3ABA-4993-933F-D62B781DDE47}.Debug|Any CPU.ActiveCfg = Debug|Any CPU
		{1EEA004A-3ABA-4993-933F-D62B781DDE47}.Debug|Any CPU.Build.0 = Debug|Any CPU
		{1EEA004A-3ABA-4993-933F-D62B781DDE47}.Release|Any CPU.ActiveCfg = Release|Any CPU
		{1EEA004A-3ABA-4993-933F-D62B781DDE47}.Release|Any CPU.Build.0 = Release|Any CPU
	EndGlobalSection
	GlobalSection(SolutionProperties) = preSolution
		HideSolutionNode = FALSE
	EndGlobalSection
	GlobalSection(ExtensibilityGlobals) = postSolution
		SolutionGuid = {2741DF09-C6CC-49E8-9342-7036CEE99E4D}
	EndGlobalSection
EndGlobal
